{
  "requires": true,
  "lockfileVersion": 1,
  "dependencies": {
    "agora-rtc-sdk": {
      "version": "3.6.9",
      "resolved": "https://registry.npmjs.org/agora-rtc-sdk/-/agora-rtc-sdk-3.6.9.tgz",
      "integrity": "sha512-+EkZMfH1DNoppYMhOmxrbukwe43V2aYcvm1SwubumoAWqvzLD/VUb50I8wJXdfUjlRrOLwGJ1g9B12J/lnwbdg=="
    }
  }
}
